
Microsoft Visual Studio Solution File, Format Version 12.00
# Visual Studio Version 16
VisualStudioVersion = 16.0.32630.194
MinimumVisualStudioVersion = 10.0.40219.1
Project("{FAE04EC0-301F-11D3-BF4B-00C04F79EFBC}") = "Lab19", "Lab19\Lab19.csproj", "{F57F976C-9C22-4E5B-B316-1B5F76587542}"
EndProject
Global
	GlobalSection(SolutionConfigurationPlatforms) = preSolution
		Debug|Any CPU = Debug|Any CPU
		Release|Any CPU = Release|Any CPU
	EndGlobalSection
	GlobalSection(ProjectConfigurationPlatforms) = postSolution
		{F57F976C-9C22-4E5B-B316-1B5F76587542}.Debug|Any CPU.ActiveCfg = Debug|Any CPU
		{F57F976C-9C22-4E5B-B316-1B5F76587542}.Debug|Any CPU.Build.0 = Debug|Any CPU
		{F57F976C-9C22-4E5B-B316-1B5F76587542}.Release|Any CPU.ActiveCfg = Release|Any CPU
		{F57F976C-9C22-4E5B-B316-1B5F76587542}.Release|Any CPU.Build.0 = Release|Any CPU
	EndGlobalSection
	GlobalSection(SolutionProperties) = preSolution
		HideSolutionNode = FALSE
	EndGlobalSection
	GlobalSection(ExtensibilityGlobals) = postSolution
		SolutionGuid = {2753E61B-5F01-42E3-A1F8-F29E6639F1C4}
	EndGlobalSection
EndGlobal
